
Microsoft Visual Studio Solution File, Format Version 12.00
# Visual Studio Version 16
VisualStudioVersion = 16.0.31112.23
MinimumVisualStudioVersion = 10.0.40219.1
Project("{8BC9CEB8-8B4A-11D0-8D11-00A0C91BC942}") = "App", "App\App.vcxproj", "{C666CD02-8838-443B-9D99-B2B8E9E9F746}"
	ProjectSection(ProjectDependencies) = postProject
		{B920C627-F655-4B58-B8F9-B12AE08B75B3} = {B920C627-F655-4B58-B8F9-B12AE08B75B3}
	EndProjectSection
EndProject
Project("{8BC9CEB8-8B4A-11D0-8D11-00A0C91BC942}") = "PluginManager", "PluginManager\PluginManager.vcxproj", "{B920C627-F655-4B58-B8F9-B12AE08B75B3}"
EndProject
Project("{8BC9CEB8-8B4A-11D0-8D11-00A0C91BC942}") = "PluginA", "PluginA\PluginA.vcxproj", "{BABE6EE4-72A3-4B60-9C52-3EA72A6F6D58}"
EndProject
Project("{2150E333-8FDC-42A3-9474-1A3956D46DE8}") = "Common", "Common", "{3BA45E21-FC79-418F-B699-05CBAF7D1905}"
	ProjectSection(SolutionItems) = preProject
		Common\dllmain.h = Common\dllmain.h
		Common\IPlugin.h = Common\IPlugin.h
		Common\PluginDefine.h = Common\PluginDefine.h
	EndProjectSection
EndProject
Project("{8BC9CEB8-8B4A-11D0-8D11-00A0C91BC942}") = "PluginB", "PluginB\PluginB.vcxproj", "{C8F9691C-7794-4F34-BEDD-89E9D02FC7B5}"
EndProject
Global
	GlobalSection(SolutionConfigurationPlatforms) = preSolution
		Debug|x64 = Debug|x64
		Debug|x86 = Debug|x86
		Release|x64 = Release|x64
		Release|x86 = Release|x86
	EndGlobalSection
	GlobalSection(ProjectConfigurationPlatforms) = postSolution
		{C666CD02-8838-443B-9D99-B2B8E9E9F746}.Debug|x64.ActiveCfg = Debug|x64
		{C666CD02-8838-443B-9D99-B2B8E9E9F746}.Debug|x64.Build.0 = Debug|x64
		{C666CD02-8838-443B-9D99-B2B8E9E9F746}.Debug|x86.ActiveCfg = Debug|Win32
		{C666CD02-8838-443B-9D99-B2B8E9E9F746}.Debug|x86.Build.0 = Debug|Win32
		{C666CD02-8838-443B-9D99-B2B8E9E9F746}.Release|x64.ActiveCfg = Release|x64
		{C666CD02-8838-443B-9D99-B2B8E9E9F746}.Release|x64.Build.0 = Release|x64
		{C666CD02-8838-443B-9D99-B2B8E9E9F746}.Release|x86.ActiveCfg = Release|Win32
		{C666CD02-8838-443B-9D99-B2B8E9E9F746}.Release|x86.Build.0 = Release|Win32
		{B920C627-F655-4B58-B8F9-B12AE08B75B3}.Debug|x64.ActiveCfg = Debug|x64
		{B920C627-F655-4B58-B8F9-B12AE08B75B3}.Debug|x64.Build.0 = Debug|x64
		{B920C627-F655-4B58-B8F9-B12AE08B75B3}.Debug|x86.ActiveCfg = Debug|Win32
		{B920C627-F655-4B58-B8F9-B12AE08B75B3}.Debug|x86.Build.0 = Debug|Win32
		{B920C627-F655-4B58-B8F9-B12AE08B75B3}.Release|x64.ActiveCfg = Release|x64
		{B920C627-F655-4B58-B8F9-B12AE08B75B3}.Release|x64.Build.0 = Release|x64
		{B920C627-F655-4B58-B8F9-B12AE08B75B3}.Release|x86.ActiveCfg = Release|Win32
		{B920C627-F655-4B58-B8F9-B12AE08B75B3}.Release|x86.Build.0 = Release|Win32
		{BABE6EE4-72A3-4B60-9C52-3EA72A6F6D58}.Debug|x64.ActiveCfg = Debug|x64
		{BABE6EE4-72A3-4B60-9C52-3EA72A6F6D58}.Debug|x64.Build.0 = Debug|x64
		{BABE6EE4-72A3-4B60-9C52-3EA72A6F6D58}.Debug|x86.ActiveCfg = Debug|Win32
		{BABE6EE4-72A3-4B60-9C52-3EA72A6F6D58}.Debug|x86.Build.0 = Debug|Win32
		{BABE6EE4-72A3-4B60-9C52-3EA72A6F6D58}.Release|x64.ActiveCfg = Release|x64
		{BABE6EE4-72A3-4B60-9C52-3EA72A6F6D58}.Release|x64.Build.0 = Release|x64
		{BABE6EE4-72A3-4B60-9C52-3EA72A6F6D58}.Release|x86.ActiveCfg = Release|Win32
		{BABE6EE4-72A3-4B60-9C52-3EA72A6F6D58}.Release|x86.Build.0 = Release|Win32
		{C8F9691C-7794-4F34-BEDD-89E9D02FC7B5}.Debug|x64.ActiveCfg = Debug|x64
		{C8F9691C-7794-4F34-BEDD-89E9D02FC7B5}.Debug|x64.Build.0 = Debug|x64
		{C8F9691C-7794-4F34-BEDD-89E9D02FC7B5}.Debug|x86.ActiveCfg = Debug|Win32
		{C8F9691C-7794-4F34-BEDD-89E9D02FC7B5}.Debug|x86.Build.0 = Debug|Win32
		{C8F9691C-7794-4F34-BEDD-89E9D02FC7B5}.Release|x64.ActiveCfg = Release|x64
		{C8F9691C-7794-4F34-BEDD-89E9D02FC7B5}.Release|x64.Build.0 = Release|x64
		{C8F9691C-7794-4F34-BEDD-89E9D02FC7B5}.Release|x86.ActiveCfg = Release|Win32
		{C8F9691C-7794-4F34-BEDD-89E9D02FC7B5}.Release|x86.Build.0 = Release|Win32
	EndGlobalSection
	GlobalSection(SolutionProperties) = preSolution
		HideSolutionNode = FALSE
	EndGlobalSection
	GlobalSection(ExtensibilityGlobals) = postSolution
		SolutionGuid = {81C027C6-C641-4B4A-B948-94A7D07DDA39}
	EndGlobalSection
EndGlobal
